
Microsoft Visual Studio Solution File, Format Version 12.00
# Visual Studio Version 17
VisualStudioVersion = 17.2.32602.215
MinimumVisualStudioVersion = 10.0.40219.1
Project("{FAE04EC0-301F-11D3-BF4B-00C04F79EFBC}") = "ConsoleApp1", "ConsoleApp1.csproj", "{D27DD0A5-B08A-4953-AAC1-F56365030136}"
EndProject
Global
	GlobalSection(SolutionConfigurationPlatforms) = preSolution
		Debug|Any CPU = Debug|Any CPU
		Release|Any CPU = Release|Any CPU
	EndGlobalSection
	GlobalSection(ProjectConfigurationPlatforms) = postSolution
		{D27DD0A5-B08A-4953-AAC1-F56365030136}.Debug|Any CPU.ActiveCfg = Debug|Any CPU
		{D27DD0A5-B08A-4953-AAC1-F56365030136}.Debug|Any CPU.Build.0 = Debug|Any CPU
		{D27DD0A5-B08A-4953-AAC1-F56365030136}.Release|Any CPU.ActiveCfg = Release|Any CPU
		{D27DD0A5-B08A-4953-AAC1-F56365030136}.Release|Any CPU.Build.0 = Release|Any CPU
	EndGlobalSection
	GlobalSection(SolutionProperties) = preSolution
		HideSolutionNode = FALSE
	EndGlobalSection
	GlobalSection(ExtensibilityGlobals) = postSolution
		SolutionGuid = {90E9D9C1-F36E-48B1-9F07-C3137B7F186C}
	EndGlobalSection
EndGlobal
